
Microsoft Visual Studio Solution File, Format Version 12.00
# Visual Studio Version 17
VisualStudioVersion = 17.4.33213.308
MinimumVisualStudioVersion = 10.0.40219.1
Project("{FAE04EC0-301F-11D3-BF4B-00C04F79EFBC}") = "Assignment_2", "Assignment_2\Assignment_2.csproj", "{13D1F04A-D865-44CC-AB9F-A69B671D1B1E}"
EndProject
Global
	GlobalSection(SolutionConfigurationPlatforms) = preSolution
		Debug|Any CPU = Debug|Any CPU
		Release|Any CPU = Release|Any CPU
	EndGlobalSection
	GlobalSection(ProjectConfigurationPlatforms) = postSolution
		{13D1F04A-D865-44CC-AB9F-A69B671D1B1E}.Debug|Any CPU.ActiveCfg = Debug|Any CPU
		{13D1F04A-D865-44CC-AB9F-A69B671D1B1E}.Debug|Any CPU.Build.0 = Debug|Any CPU
		{13D1F04A-D865-44CC-AB9F-A69B671D1B1E}.Release|Any CPU.ActiveCfg = Release|Any CPU
		{13D1F04A-D865-44CC-AB9F-A69B671D1B1E}.Release|Any CPU.Build.0 = Release|Any CPU
	EndGlobalSection
	GlobalSection(SolutionProperties) = preSolution
		HideSolutionNode = FALSE
	EndGlobalSection
	GlobalSection(ExtensibilityGlobals) = postSolution
		SolutionGuid = {487682BC-3834-4D27-9E76-D79C90E86F17}
	EndGlobalSection
EndGlobal
